// !$*UTF8*$!
{
	archiveVersion = 1;
	classes = {
	};
	objectVersion = 77;
	objects = {

/* Begin PBXContainerItemProxy section */
		5FED80A82FCF5715005E28C1 /* PBXContainerItemProxy */ = {
			isa = PBXContainerItemProxy;
			containerPortal = 5FED808C2FCF5714005E28C1 /* Project object */;
			proxyType = 1;
			remoteGlobalIDString = 5FED80932FCF5714005E28C1;
			remoteInfo = LocalScroll;
		};
		5FED80B22FCF5715005E28C1 /* PBXContainerItemProxy */ = {
			isa = PBXContainerItemProxy;
			containerPortal = 5FED808C2FCF5714005E28C1 /* Project object */;
			proxyType = 1;
			remoteGlobalIDString = 5FED80932FCF5714005E28C1;
			remoteInfo = LocalScroll;
		};
/* End PBXContainerItemProxy section */

/* Begin PBXBuildFile section */
		5FED80C72FCF63BF005E28C1 /* LocalScrollCore in Frameworks */ = {isa = PBXBuildFile; productRef = 5FED80C62FCF63BF005E28C1 /* LocalScrollCore */; };
/* End PBXBuildFile section */

/* Begin PBXFileReference section */
		5FED80942FCF5714005E28C1 /* LocalScroll.app */ = {isa = PBXFileReference; explicitFileType = wrapper.application; includeInIndex = 0; path = LocalScroll.app; sourceTree = BUILT_PRODUCTS_DIR; };
		5FED80A72FCF5715005E28C1 /* LocalScrollTests.xctest */ = {isa = PBXFileReference; explicitFileType = wrapper.cfbundle; includeInIndex = 0; path = LocalScrollTests.xctest; sourceTree = BUILT_PRODUCTS_DIR; };
		5FED80B12FCF5715005E28C1 /* LocalScrollUITests.xctest */ = {isa = PBXFileReference; explicitFileType = wrapper.cfbundle; includeInIndex = 0; path = LocalScrollUITests.xctest; sourceTree = BUILT_PRODUCTS_DIR; };
/* End PBXFileReference section */

/* Begin PBXFileSystemSynchronizedRootGroup section */
		5FED80962FCF5714005E28C1 /* LocalScroll */ = {
			isa = PBXFileSystemSynchronizedRootGroup;
			path = LocalScroll;
			sourceTree = "<group>";
		};
		5FED80AA2FCF5715005E28C1 /* LocalScrollTests */ = {
			isa = PBXFileSystemSynchronizedRootGroup;
			path = LocalScrollTests;
			sourceTree = "<group>";
		};
		5FED80B42FCF5715005E28C1 /* LocalScrollUITests */ = {
			isa = PBXFileSystemSynchronizedRootGroup;
			path = LocalScrollUITests;
			sourceTree = "<group>";
		};
/* End PBXFileSystemSynchronizedRootGroup section */

/* Begin PBXFrameworksBuildPhase section */
		5FED80912FCF5714005E28C1 /* Frameworks */ = {
			isa = PBXFrameworksBuildPhase;
			buildActionMask = 2147483647;
			files = (
				5FED80C72FCF63BF005E28C1 /* LocalScrollCore in Frameworks */,
			);
			runOnlyForDeploymentPostprocessing = 0;
		};
		5FED80A42FCF5715005E28C1 /* Frameworks */ = {
			isa = PBXFrameworksBuildPhase;
			buildActionMask = 2147483647;
			files = (
			);
			runOnlyForDeploymentPostprocessing = 0;
		};
		5FED80AE2FCF5715005E28C1 /* Frameworks */ = {
			isa = PBXFrameworksBuildPhase;
			buildActionMask = 2147483647;
			files = (
			);
			runOnlyForDeploymentPostprocessing = 0;
		};
/* End PBXFrameworksBuildPhase section */

/* Begin PBXGroup section */
		5FED808B2FCF5714005E28C1 = {
			isa = PBXGroup;
			children = (
				5FED80962FCF5714005E28C1 /* LocalScroll */,
				5FED80AA2FCF5715005E28C1 /* LocalScrollTests */,
				5FED80B42FCF5715005E28C1 /* LocalScrollUITests */,
				5FED80952FCF5714005E28C1 /* Products */,
			);
			sourceTree = "<group>";
		};
		5FED80952FCF5714005E28C1 /* Products */ = {
			isa = PBXGroup;
			children = (
				5FED80942FCF5714005E28C1 /* LocalScroll.app */,
				5FED80A72FCF5715005E28C1 /* LocalScrollTests.xctest */,
				5FED80B12FCF5715005E28C1 /* LocalScrollUITests.xctest */,
			);
			name = Products;
			sourceTree = "<group>";
		};
/* End PBXGroup section */

/* Begin PBXNativeTarget section */
		5FED80932FCF5714005E28C1 /* LocalScroll */ = {
			isa = PBXNativeTarget;
			buildConfigurationList = 5FED80BB2FCF5715005E28C1 /* Build configuration list for PBXNativeTarget "LocalScroll" */;
			buildPhases = (
				5FED80902FCF5714005E28C1 /* Sources */,
				5FED80912FCF5714005E28C1 /* Frameworks */,
				5FED80922FCF5714005E28C1 /* Resources */,
			);
			buildRules = (
			);
			dependencies = (
			);
			fileSystemSynchronizedGroups = (
				5FED80962FCF5714005E28C1 /* LocalScroll */,
			);
			name = LocalScroll;
			packageProductDependencies = (
				5FED80C62FCF63BF005E28C1 /* LocalScrollCore */,
			);
			productName = LocalScroll;
			productReference = 5FED80942FCF5714005E28C1 /* LocalScroll.app */;
			productType = "com.apple.product-type.application";
		};
		5FED80A62FCF5715005E28C1 /* LocalScrollTests */ = {
			isa = PBXNativeTarget;
			buildConfigurationList = 5FED80BE2FCF5715005E28C1 /* Build configuration list for PBXNativeTarget "LocalScrollTests" */;
			buildPhases = (
				5FED80A32FCF5715005E28C1 /* Sources */,
				5FED80A42FCF5715005E28C1 /* Frameworks */,
				5FED80A52FCF5715005E28C1 /* Resources */,
			);
			buildRules = (
			);
			dependencies = (
				5FED80A92FCF5715005E28C1 /* PBXTargetDependency */,
			);
			fileSystemSynchronizedGroups = (
				5FED80AA2FCF5715005E28C1 /* LocalScrollTests */,
			);
			name = LocalScrollTests;
			packageProductDependencies = (
			);
			productName = LocalScrollTests;
			productReference = 5FED80A72FCF5715005E28C1 /* LocalScrollTests.xctest */;
			productType = "com.apple.product-type.bundle.unit-test";
		};
		5FED80B02FCF5715005E28C1 /* LocalScrollUITests */ = {
			isa = PBXNativeTarget;
			buildConfigurationList = 5FED80C12FCF5715005E28C1 /* Build configuration list for PBXNativeTarget "LocalScrollUITests" */;
			buildPhases = (
				5FED80AD2FCF5715005E28C1 /* Sources */,
				5FED80AE2FCF5715005E28C1 /* Frameworks */,
				5FED80AF2FCF5715005E28C1 /* Resources */,
			);
			buildRules = (
			);
			dependencies = (
				5FED80B32FCF5715005E28C1 /* PBXTargetDependency */,
			);
			fileSystemSynchronizedGroups = (
				5FED80B42FCF5715005E28C1 /* LocalScrollUITests */,
			);
			name = LocalScrollUITests;
			packageProductDependencies = (
			);
			productName = LocalScrollUITests;
			productReference = 5FED80B12FCF5715005E28C1 /* LocalScrollUITests.xctest */;
			productType = "com.apple.product-type.bundle.ui-testing";
		};
/* End PBXNativeTarget section */

/* Begin PBXProject section */
		5FED808C2FCF5714005E28C1 /* Project object */ = {
			isa = PBXProject;
			attributes = {
				BuildIndependentTargetsInParallel = 1;
				LastSwiftUpdateCheck = 1620;
				LastUpgradeCheck = 1620;
				TargetAttributes = {
					5FED80932FCF5714005E28C1 = {
						CreatedOnToolsVersion = 16.2;
					};
					5FED80A62FCF5715005E28C1 = {
						CreatedOnToolsVersion = 16.2;
						TestTargetID = 5FED80932FCF5714005E28C1;
					};
					5FED80B02FCF5715005E28C1 = {
						CreatedOnToolsVersion = 16.2;
						TestTargetID = 5FED80932FCF5714005E28C1;
					};
				};
			};
			buildConfigurationList = 5FED808F2FCF5714005E28C1 /* Build configuration list for PBXProject "LocalScroll" */;
			developmentRegion = en;
			hasScannedForEncodings = 0;
			knownRegions = (
				en,
				Base,
			);
			mainGroup = 5FED808B2FCF5714005E28C1;
			minimizedProjectReferenceProxies = 1;
			packageReferences = (
				5FED80C42FCF5884005E28C1 /* XCLocalSwiftPackageReference "../../../project/localScroll_iOS" */,
			);
			preferredProjectObjectVersion = 77;
			productRefGroup = 5FED80952FCF5714005E28C1 /* Products */;
			projectDirPath = "";
			projectRoot = "";
			targets = (
				5FED80932FCF5714005E28C1 /* LocalScroll */,
				5FED80A62FCF5715005E28C1 /* LocalScrollTests */,
				5FED80B02FCF5715005E28C1 /* LocalScrollUITests */,
			);
		};
/* End PBXProject section */

/* Begin PBXResourcesBuildPhase section */
		5FED80922FCF5714005E28C1 /* Resources */ = {
			isa = PBXResourcesBuildPhase;
			buildActionMask = 2147483647;
			files = (
			);
			runOnlyForDeploymentPostprocessing = 0;
		};
		5FED80A52FCF5715005E28C1 /* Resources */ = {
			isa = PBXResourcesBuildPhase;
			buildActionMask = 2147483647;
			files = (
			);
			runOnlyForDeploymentPostprocessing = 0;
		};
		5FED80AF2FCF5715005E28C1 /* Resources */ = {
			isa = PBXResourcesBuildPhase;
			buildActionMask = 2147483647;
			files = (
			);
			runOnlyForDeploymentPostprocessing = 0;
		};
/* End PBXResourcesBuildPhase section */

/* Begin PBXSourcesBuildPhase section */
		5FED80902FCF5714005E28C1 /* Sources */ = {
			isa = PBXSourcesBuildPhase;
			buildActionMask = 2147483647;
			files = (
			);
			runOnlyForDeploymentPostprocessing = 0;
		};
		5FED80A32FCF5715005E28C1 /* Sources */ = {
			isa = PBXSourcesBuildPhase;
			buildActionMask = 2147483647;
			files = (
			);
			runOnlyForDeploymentPostprocessing = 0;
		};
		5FED80AD2FCF5715005E28C1 /* Sources */ = {
			isa = PBXSourcesBuildPhase;
			buildActionMask = 2147483647;
			files = (
			);
			runOnlyForDeploymentPostprocessing = 0;
		};
/* End PBXSourcesBuildPhase section */

/* Begin PBXTargetDependency section */
		5FED80A92FCF5715005E28C1 /* PBXTargetDependency */ = {
			isa = PBXTargetDependency;
			target = 5FED80932FCF5714005E28C1 /* LocalScroll */;
			targetProxy = 5FED80A82FCF5715005E28C1 /* PBXContainerItemProxy */;
		};
		5FED80B32FCF5715005E28C1 /* PBXTargetDependency */ = {
			isa = PBXTargetDependency;
			target = 5FED80932FCF5714005E28C1 /* LocalScroll */;
			targetProxy = 5FED80B22FCF5715005E28C1 /* PBXContainerItemProxy */;
		};
/* End PBXTargetDependency section */

/* Begin XCBuildConfiguration section */
		5FED80B92FCF5715005E28C1 /* Debug */ = {
			isa = XCBuildConfiguration;
			buildSettings = {
				ALWAYS_SEARCH_USER_PATHS = NO;
				ASSETCATALOG_COMPILER_GENERATE_SWIFT_ASSET_SYMBOL_EXTENSIONS = YES;
				CLANG_ANALYZER_NONNULL = YES;
				CLANG_ANALYZER_NUMBER_OBJECT_CONVERSION = YES_AGGRESSIVE;
				CLANG_CXX_LANGUAGE_STANDARD = "gnu++20";
				CLANG_ENABLE_MODULES = YES;
				CLANG_ENABLE_OBJC_ARC = YES;
				CLANG_ENABLE_OBJC_WEAK = YES;
				CLANG_WARN_BLOCK_CAPTURE_AUTORELEASING = YES;
				CLANG_WARN_BOOL_CONVERSION = YES;
				CLANG_WARN_COMMA = YES;
				CLANG_WARN_CONSTANT_CONVERSION = YES;
				CLANG_WARN_DEPRECATED_OBJC_IMPLEMENTATIONS = YES;
				CLANG_WARN_DIRECT_OBJC_ISA_USAGE = YES_ERROR;
				CLANG_WARN_DOCUMENTATION_COMMENTS = YES;
				CLANG_WARN_EMPTY_BODY = YES;
				CLANG_WARN_ENUM_CONVERSION = YES;
				CLANG_WARN_INFINITE_RECURSION = YES;
				CLANG_WARN_INT_CONVERSION = YES;
				CLANG_WARN_NON_LITERAL_NULL_CONVERSION = YES;
				CLANG_WARN_OBJC_IMPLICIT_RETAIN_SELF = YES;
				CLANG_WARN_OBJC_LITERAL_CONVERSION = YES;
				CLANG_WARN_OBJC_ROOT_CLASS = YES_ERROR;
				CLANG_WARN_QUOTED_INCLUDE_IN_FRAMEWORK_HEADER = YES;
				CLANG_WARN_RANGE_LOOP_ANALYSIS = YES;
				CLANG_WARN_STRICT_PROTOTYPES = YES;
				CLANG_WARN_SUSPICIOUS_MOVE = YES;
				CLANG_WARN_UNGUARDED_AVAILABILITY = YES_AGGRESSIVE;
				CLANG_WARN_UNREACHABLE_CODE = YES;
				CLANG_WARN__DUPLICATE_METHOD_MATCH = YES;
				COPY_PHASE_STRIP = NO;
				DEBUG_INFORMATION_FORMAT = dwarf;
				ENABLE_STRICT_OBJC_MSGSEND = YES;
				ENABLE_TESTABILITY = YES;
				ENABLE_USER_SCRIPT_SANDBOXING = YES;
				GCC_C_LANGUAGE_STANDARD = gnu17;
				GCC_DYNAMIC_NO_PIC = NO;
				GCC_NO_COMMON_BLOCKS = YES;
				GCC_OPTIMIZATION_LEVEL = 0;
				GCC_PREPROCESSOR_DEFINITIONS = (
					"DEBUG=1",
					"$(inherited)",
				);
				GCC_WARN_64_TO_32_BIT_CONVERSION = YES;
				GCC_WARN_ABOUT_RETURN_TYPE = YES_ERROR;
				GCC_WARN_UNDECLARED_SELECTOR = YES;
				GCC_WARN_UNINITIALIZED_AUTOS = YES_AGGRESSIVE;
				GCC_WARN_UNUSED_FUNCTION = YES;
				GCC_WARN_UNUSED_VARIABLE = YES;
				LOCALIZATION_PREFERS_STRING_CATALOGS = YES;
				MTL_ENABLE_DEBUG_INFO = INCLUDE_SOURCE;
				MTL_FAST_MATH = YES;
				ONLY_ACTIVE_ARCH = YES;
				SWIFT_ACTIVE_COMPILATION_CONDITIONS = "DEBUG $(inherited)";
				SWIFT_OPTIMIZATION_LEVEL = "-Onone";
			};
			name = Debug;
		};
		5FED80BA2FCF5715005E28C1 /* Release */ = {
			isa = XCBuildConfiguration;
			buildSettings = {
				ALWAYS_SEARCH_USER_PATHS = NO;
				ASSETCATALOG_COMPILER_GENERATE_SWIFT_ASSET_SYMBOL_EXTENSIONS = YES;
				CLANG_ANALYZER_NONNULL = YES;
				CLANG_ANALYZER_NUMBER_OBJECT_CONVERSION = YES_AGGRESSIVE;
				CLANG_CXX_LANGUAGE_STANDARD = "gnu++20";
				CLANG_ENABLE_MODULES = YES;
				CLANG_ENABLE_OBJC_ARC = YES;
				CLANG_ENABLE_OBJC_WEAK = YES;
				CLANG_WARN_BLOCK_CAPTURE_AUTORELEASING = YES;
				CLANG_WARN_BOOL_CONVERSION = YES;
				CLANG_WARN_COMMA = YES;
				CLANG_WARN_CONSTANT_CONVERSION = YES;
				CLANG_WARN_DEPRECATED_OBJC_IMPLEMENTATIONS = YES;
				CLANG_WARN_DIRECT_OBJC_ISA_USAGE = YES_ERROR;
				CLANG_WARN_DOCUMENTATION_COMMENTS = YES;
				CLANG_WARN_EMPTY_BODY = YES;
				CLANG_WARN_ENUM_CONVERSION = YES;
				CLANG_WARN_INFINITE_RECURSION = YES;
				CLANG_WARN_INT_CONVERSION = YES;
				CLANG_WARN_NON_LITERAL_NULL_CONVERSION = YES;
				CLANG_WARN_OBJC_IMPLICIT_RETAIN_SELF = YES;
				CLANG_WARN_OBJC_LITERAL_CONVERSION = YES;
				CLANG_WARN_OBJC_ROOT_CLASS = YES_ERROR;
				CLANG_WARN_QUOTED_INCLUDE_IN_FRAMEWORK_HEADER = YES;
				CLANG_WARN_RANGE_LOOP_ANALYSIS = YES;
				CLANG_WARN_STRICT_PROTOTYPES = YES;
				CLANG_WARN_SUSPICIOUS_MOVE = YES;
				CLANG_WARN_UNGUARDED_AVAILABILITY = YES_AGGRESSIVE;
				CLANG_WARN_UNREACHABLE_CODE = YES;
				CLANG_WARN__DUPLICATE_METHOD_MATCH = YES;
				COPY_PHASE_STRIP = NO;
				DEBUG_INFORMATION_FORMAT = "dwarf-with-dsym";
				ENABLE_NS_ASSERTIONS = NO;
				ENABLE_STRICT_OBJC_MSGSEND = YES;
				ENABLE_USER_SCRIPT_SANDBOXING = YES;
				GCC_C_LANGUAGE_STANDARD = gnu17;
				GCC_NO_COMMON_BLOCKS = YES;
				GCC_WARN_64_TO_32_BIT_CONVERSION = YES;
				GCC_WARN_ABOUT_RETURN_TYPE = YES_ERROR;
				GCC_WARN_UNDECLARED_SELECTOR = YES;
				GCC_WARN_UNINITIALIZED_AUTOS = YES_AGGRESSIVE;
				GCC_WARN_UNUSED_FUNCTION = YES;
				GCC_WARN_UNUSED_VARIABLE = YES;
				LOCALIZATION_PREFERS_STRING_CATALOGS = YES;
				MTL_ENABLE_DEBUG_INFO = NO;
				MTL_FAST_MATH = YES;
				SWIFT_COMPILATION_MODE = wholemodule;
			};
			name = Release;
		};
		5FED80BC2FCF5715005E28C1 /* Debug */ = {
			isa = XCBuildConfiguration;
			buildSettings = {
				ASSETCATALOG_COMPILER_APPICON_NAME = AppIcon;
				ASSETCATALOG_COMPILER_GLOBAL_ACCENT_COLOR_NAME = AccentColor;
				CODE_SIGN_ENTITLEMENTS = LocalScroll/LocalScroll.entitlements;
				CODE_SIGN_STYLE = Automatic;
				CURRENT_PROJECT_VERSION = 1;
				DEVELOPMENT_ASSET_PATHS = "\"LocalScroll/Preview Content\"";
				DEVELOPMENT_TEAM = R48B46NC85;
				ENABLE_PREVIEWS = YES;
				GENERATE_INFOPLIST_FILE = NO;
				INFOPLIST_FILE = "LocalScroll-Info.plist";
				IPHONEOS_DEPLOYMENT_TARGET = 18.2;
				LD_RUNPATH_SEARCH_PATHS = "@executable_path/Frameworks";
				"LD_RUNPATH_SEARCH_PATHS[sdk=macosx*]" = "@executable_path/../Frameworks";
				MACOSX_DEPLOYMENT_TARGET = 14.0;
				MARKETING_VERSION = 1.0;
				PRODUCT_BUNDLE_IDENTIFIER = "Aaron-Wang.LocalScroll";
				PRODUCT_NAME = "$(TARGET_NAME)";
				SDKROOT = auto;
				SUPPORTED_PLATFORMS = "iphoneos iphonesimulator macosx xros xrsimulator";
				SWIFT_EMIT_LOC_STRINGS = YES;
				SWIFT_VERSION = 5.0;
				TARGETED_DEVICE_FAMILY = "1,2,7";
				XROS_DEPLOYMENT_TARGET = 2.2;
			};
			name = Debug;
		};
		5FED80BD2FCF5715005E28C1 /* Release */ = {
			isa = XCBuildConfiguration;
			buildSettings = {
				ASSETCATALOG_COMPILER_APPICON_NAME = AppIcon;
				ASSETCATALOG_COMPILER_GLOBAL_ACCENT_COLOR_NAME = AccentColor;
				CODE_SIGN_ENTITLEMENTS = LocalScroll/LocalScroll.entitlements;
				CODE_SIGN_STYLE = Automatic;
				CURRENT_PROJECT_VERSION = 1;
				DEVELOPMENT_ASSET_PATHS = "\"LocalScroll/Preview Content\"";
				DEVELOPMENT_TEAM = R48B46NC85;
				ENABLE_PREVIEWS = YES;
				GENERATE_INFOPLIST_FILE = NO;
				INFOPLIST_FILE = "LocalScroll-Info.plist";
				IPHONEOS_DEPLOYMENT_TARGET = 18.2;
				LD_RUNPATH_SEARCH_PATHS = "@executable_path/Frameworks";
				"LD_RUNPATH_SEARCH_PATHS[sdk=macosx*]" = "@executable_path/../Frameworks";
				MACOSX_DEPLOYMENT_TARGET = 14.0;
				MARKETING_VERSION = 1.0;
				PRODUCT_BUNDLE_IDENTIFIER = "Aaron-Wang.LocalScroll";
				PRODUCT_NAME = "$(TARGET_NAME)";
				SDKROOT = auto;
				SUPPORTED_PLATFORMS = "iphoneos iphonesimulator macosx xros xrsimulator";
				SWIFT_EMIT_LOC_STRINGS = YES;
				SWIFT_VERSION = 5.0;
				TARGETED_DEVICE_FAMILY = "1,2,7";
				XROS_DEPLOYMENT_TARGET = 2.2;
			};
			name = Release;
		};
		5FED80BF2FCF5715005E28C1 /* Debug */ = {
			isa = XCBuildConfiguration;
			buildSettings = {
				BUNDLE_LOADER = "$(TEST_HOST)";
				CODE_SIGN_STYLE = Automatic;
				CURRENT_PROJECT_VERSION = 1;
				GENERATE_INFOPLIST_FILE = YES;
				IPHONEOS_DEPLOYMENT_TARGET = 18.2;
				MACOSX_DEPLOYMENT_TARGET = 14.6;
				MARKETING_VERSION = 1.0;
				PRODUCT_BUNDLE_IDENTIFIER = "Aaron-Wang.LocalScrollTests";
				PRODUCT_NAME = "$(TARGET_NAME)";
				SDKROOT = auto;
				SUPPORTED_PLATFORMS = "iphoneos iphonesimulator macosx xros xrsimulator";
				SWIFT_EMIT_LOC_STRINGS = NO;
				SWIFT_VERSION = 5.0;
				TARGETED_DEVICE_FAMILY = "1,2,7";
				TEST_HOST = "$(BUILT_PRODUCTS_DIR)/LocalScroll.app/$(BUNDLE_EXECUTABLE_FOLDER_PATH)/LocalScroll";
				XROS_DEPLOYMENT_TARGET = 2.2;
			};
			name = Debug;
		};
		5FED80C02FCF5715005E28C1 /* Release */ = {
			isa = XCBuildConfiguration;
			buildSettings = {
				BUNDLE_LOADER = "$(TEST_HOST)";
				CODE_SIGN_STYLE = Automatic;
				CURRENT_PROJECT_VERSION = 1;
				GENERATE_INFOPLIST_FILE = YES;
				IPHONEOS_DEPLOYMENT_TARGET = 18.2;
				MACOSX_DEPLOYMENT_TARGET = 14.6;
				MARKETING_VERSION = 1.0;
				PRODUCT_BUNDLE_IDENTIFIER = "Aaron-Wang.LocalScrollTests";
				PRODUCT_NAME = "$(TARGET_NAME)";
				SDKROOT = auto;
				SUPPORTED_PLATFORMS = "iphoneos iphonesimulator macosx xros xrsimulator";
				SWIFT_EMIT_LOC_STRINGS = NO;
				SWIFT_VERSION = 5.0;
				TARGETED_DEVICE_FAMILY = "1,2,7";
				TEST_HOST = "$(BUILT_PRODUCTS_DIR)/LocalScroll.app/$(BUNDLE_EXECUTABLE_FOLDER_PATH)/LocalScroll";
				XROS_DEPLOYMENT_TARGET = 2.2;
			};
			name = Release;
		};
		5FED80C22FCF5715005E28C1 /* Debug */ = {
			isa = XCBuildConfiguration;
			buildSettings = {
				CODE_SIGN_STYLE = Automatic;
				CURRENT_PROJECT_VERSION = 1;
				GENERATE_INFOPLIST_FILE = YES;
				IPHONEOS_DEPLOYMENT_TARGET = 18.2;
				MACOSX_DEPLOYMENT_TARGET = 14.6;
				MARKETING_VERSION = 1.0;
				PRODUCT_BUNDLE_IDENTIFIER = "Aaron-Wang.LocalScrollUITests";
				PRODUCT_NAME = "$(TARGET_NAME)";
				SDKROOT = auto;
				SUPPORTED_PLATFORMS = "iphoneos iphonesimulator macosx xros xrsimulator";
				SWIFT_EMIT_LOC_STRINGS = NO;
				SWIFT_VERSION = 5.0;
				TARGETED_DEVICE_FAMILY = "1,2,7";
				TEST_TARGET_NAME = LocalScroll;
				XROS_DEPLOYMENT_TARGET = 2.2;
			};
			name = Debug;
		};
		5FED80C32FCF5715005E28C1 /* Release */ = {
			isa = XCBuildConfiguration;
			buildSettings = {
				CODE_SIGN_STYLE = Automatic;
				CURRENT_PROJECT_VERSION = 1;
				GENERATE_INFOPLIST_FILE = YES;
				IPHONEOS_DEPLOYMENT_TARGET = 18.2;
				MACOSX_DEPLOYMENT_TARGET = 14.6;
				MARKETING_VERSION = 1.0;
				PRODUCT_BUNDLE_IDENTIFIER = "Aaron-Wang.LocalScrollUITests";
				PRODUCT_NAME = "$(TARGET_NAME)";
				SDKROOT = auto;
				SUPPORTED_PLATFORMS = "iphoneos iphonesimulator macosx xros xrsimulator";
				SWIFT_EMIT_LOC_STRINGS = NO;
				SWIFT_VERSION = 5.0;
				TARGETED_DEVICE_FAMILY = "1,2,7";
				TEST_TARGET_NAME = LocalScroll;
				XROS_DEPLOYMENT_TARGET = 2.2;
			};
			name = Release;
		};
/* End XCBuildConfiguration section */

/* Begin XCConfigurationList section */
		5FED808F2FCF5714005E28C1 /* Build configuration list for PBXProject "LocalScroll" */ = {
			isa = XCConfigurationList;
			buildConfigurations = (
				5FED80B92FCF5715005E28C1 /* Debug */,
				5FED80BA2FCF5715005E28C1 /* Release */,
			);
			defaultConfigurationIsVisible = 0;
			defaultConfigurationName = Release;
		};
		5FED80BB2FCF5715005E28C1 /* Build configuration list for PBXNativeTarget "LocalScroll" */ = {
			isa = XCConfigurationList;
			buildConfigurations = (
				5FED80BC2FCF5715005E28C1 /* Debug */,
				5FED80BD2FCF5715005E28C1 /* Release */,
			);
			defaultConfigurationIsVisible = 0;
			defaultConfigurationName = Release;
		};
		5FED80BE2FCF5715005E28C1 /* Build configuration list for PBXNativeTarget "LocalScrollTests" */ = {
			isa = XCConfigurationList;
			buildConfigurations = (
				5FED80BF2FCF5715005E28C1 /* Debug */,
				5FED80C02FCF5715005E28C1 /* Release */,
			);
			defaultConfigurationIsVisible = 0;
			defaultConfigurationName = Release;
		};
		5FED80C12FCF5715005E28C1 /* Build configuration list for PBXNativeTarget "LocalScrollUITests" */ = {
			isa = XCConfigurationList;
			buildConfigurations = (
				5FED80C22FCF5715005E28C1 /* Debug */,
				5FED80C32FCF5715005E28C1 /* Release */,
			);
			defaultConfigurationIsVisible = 0;
			defaultConfigurationName = Release;
		};
/* End XCConfigurationList section */

/* Begin XCLocalSwiftPackageReference section */
		5FED80C42FCF5884005E28C1 /* XCLocalSwiftPackageReference "../../../project/localScroll_iOS" */ = {
			isa = XCLocalSwiftPackageReference;
			relativePath = ../../../project/localScroll_iOS;
		};
/* End XCLocalSwiftPackageReference section */

/* Begin XCSwiftPackageProductDependency section */
		5FED80C62FCF63BF005E28C1 /* LocalScrollCore */ = {
			isa = XCSwiftPackageProductDependency;
			package = 5FED80C42FCF5884005E28C1 /* XCLocalSwiftPackageReference "../../../project/localScroll_iOS" */;
			productName = LocalScrollCore;
		};
/* End XCSwiftPackageProductDependency section */
	};
	rootObject = 5FED808C2FCF5714005E28C1 /* Project object */;
}
